
Microsoft Visual Studio Solution File, Format Version 12.00
# Visual Studio Version 17
VisualStudioVersion = 17.5.33516.290
MinimumVisualStudioVersion = 10.0.40219.1
Project("{FAE04EC0-301F-11D3-BF4B-00C04F79EFBC}") = "SimpleQRCodeGenerator", "SimpleQRCodeGenerator\SimpleQRCodeGenerator.csproj", "{FA151E77-AB52-45B0-A8B0-5407746734CE}"
EndProject
Global
	GlobalSection(SolutionConfigurationPlatforms) = preSolution
		Debug|Any CPU = Debug|Any CPU
		Release|Any CPU = Release|Any CPU
	EndGlobalSection
	GlobalSection(ProjectConfigurationPlatforms) = postSolution
		{FA151E77-AB52-45B0-A8B0-5407746734CE}.Debug|Any CPU.ActiveCfg = Debug|Any CPU
		{FA151E77-AB52-45B0-A8B0-5407746734CE}.Debug|Any CPU.Build.0 = Debug|Any CPU
		{FA151E77-AB52-45B0-A8B0-5407746734CE}.Release|Any CPU.ActiveCfg = Release|Any CPU
		{FA151E77-AB52-45B0-A8B0-5407746734CE}.Release|Any CPU.Build.0 = Release|Any CPU
	EndGlobalSection
	GlobalSection(SolutionProperties) = preSolution
		HideSolutionNode = FALSE
	EndGlobalSection
	GlobalSection(ExtensibilityGlobals) = postSolution
		SolutionGuid = {FFD16354-443E-4200-8977-A91623C08520}
	EndGlobalSection
EndGlobal
